
Microsoft Visual Studio Solution File, Format Version 12.00
# Visual Studio Version 16
VisualStudioVersion = 16.0.30114.105
MinimumVisualStudioVersion = 10.0.40219.1
Project("{FAE04EC0-301F-11D3-BF4B-00C04F79EFBC}") = "Locatudo.Compartilhado", "Locatudo.Compartilhado\Locatudo.Compartilhado.csproj", "{C4B37604-A285-4780-B671-3690ED850BD0}"
EndProject
Project("{FAE04EC0-301F-11D3-BF4B-00C04F79EFBC}") = "Locatudo.Dominio", "Locatudo.Dominio\Locatudo.Dominio.csproj", "{1915DB29-87B1-4C86-B594-2A1CEDDB221C}"
EndProject
Project("{FAE04EC0-301F-11D3-BF4B-00C04F79EFBC}") = "Locatudo.Testes", "Locatudo.Testes\Locatudo.Testes.csproj", "{B81E1C6C-416B-472A-A7BF-3293693EA89C}"
EndProject
Global
	GlobalSection(SolutionConfigurationPlatforms) = preSolution
		Debug|Any CPU = Debug|Any CPU
		Release|Any CPU = Release|Any CPU
	EndGlobalSection
	GlobalSection(SolutionProperties) = preSolution
		HideSolutionNode = FALSE
	EndGlobalSection
	GlobalSection(ProjectConfigurationPlatforms) = postSolution
		{C4B37604-A285-4780-B671-3690ED850BD0}.Debug|Any CPU.ActiveCfg = Debug|Any CPU
		{C4B37604-A285-4780-B671-3690ED850BD0}.Debug|Any CPU.Build.0 = Debug|Any CPU
		{C4B37604-A285-4780-B671-3690ED850BD0}.Release|Any CPU.ActiveCfg = Release|Any CPU
		{C4B37604-A285-4780-B671-3690ED850BD0}.Release|Any CPU.Build.0 = Release|Any CPU
		{1915DB29-87B1-4C86-B594-2A1CEDDB221C}.Debug|Any CPU.ActiveCfg = Debug|Any CPU
		{1915DB29-87B1-4C86-B594-2A1CEDDB221C}.Debug|Any CPU.Build.0 = Debug|Any CPU
		{1915DB29-87B1-4C86-B594-2A1CEDDB221C}.Release|Any CPU.ActiveCfg = Release|Any CPU
		{1915DB29-87B1-4C86-B594-2A1CEDDB221C}.Release|Any CPU.Build.0 = Release|Any CPU
		{B81E1C6C-416B-472A-A7BF-3293693EA89C}.Debug|Any CPU.ActiveCfg = Debug|Any CPU
		{B81E1C6C-416B-472A-A7BF-3293693EA89C}.Debug|Any CPU.Build.0 = Debug|Any CPU
		{B81E1C6C-416B-472A-A7BF-3293693EA89C}.Release|Any CPU.ActiveCfg = Release|Any CPU
		{B81E1C6C-416B-472A-A7BF-3293693EA89C}.Release|Any CPU.Build.0 = Release|Any CPU
	EndGlobalSection
EndGlobal
